
Microsoft Visual Studio Solution File, Format Version 12.00
# Visual Studio Version 17
VisualStudioVersion = 17.3.32929.385
MinimumVisualStudioVersion = 10.0.40219.1
Project("{FAE04EC0-301F-11D3-BF4B-00C04F79EFBC}") = "Server-app", "Server-app\Server-app.csproj", "{A60AB904-8984-464E-B77A-E11E95DD6E38}"
EndProject
Project("{FAE04EC0-301F-11D3-BF4B-00C04F79EFBC}") = "Client-app", "Client-app\Client-app.csproj", "{5CFB18F3-33A0-402C-946E-73B76F4F5802}"
EndProject
Global
	GlobalSection(SolutionConfigurationPlatforms) = preSolution
		Debug|Any CPU = Debug|Any CPU
		Release|Any CPU = Release|Any CPU
	EndGlobalSection
	GlobalSection(ProjectConfigurationPlatforms) = postSolution
		{A60AB904-8984-464E-B77A-E11E95DD6E38}.Debug|Any CPU.ActiveCfg = Debug|Any CPU
		{A60AB904-8984-464E-B77A-E11E95DD6E38}.Debug|Any CPU.Build.0 = Debug|Any CPU
		{A60AB904-8984-464E-B77A-E11E95DD6E38}.Release|Any CPU.ActiveCfg = Release|Any CPU
		{A60AB904-8984-464E-B77A-E11E95DD6E38}.Release|Any CPU.Build.0 = Release|Any CPU
		{5CFB18F3-33A0-402C-946E-73B76F4F5802}.Debug|Any CPU.ActiveCfg = Debug|Any CPU
		{5CFB18F3-33A0-402C-946E-73B76F4F5802}.Debug|Any CPU.Build.0 = Debug|Any CPU
		{5CFB18F3-33A0-402C-946E-73B76F4F5802}.Release|Any CPU.ActiveCfg = Release|Any CPU
		{5CFB18F3-33A0-402C-946E-73B76F4F5802}.Release|Any CPU.Build.0 = Release|Any CPU
	EndGlobalSection
	GlobalSection(SolutionProperties) = preSolution
		HideSolutionNode = FALSE
	EndGlobalSection
	GlobalSection(ExtensibilityGlobals) = postSolution
		SolutionGuid = {DFD47DC2-A887-4871-9EBC-2A5F3DE5B182}
	EndGlobalSection
EndGlobal
